<?xml version="1.0" encoding="utf-8"?>
<Project ToolsVersion="4.0" xmlns="http://schemas.microsoft.com/developer/msbuild/2003">
  <ItemGroup>
    <Filter Include="Source Files">
      <UniqueIdentifier>{4FC737F1-C7A5-4376-A066-2A32D752A2FF}</UniqueIdentifier>
      <Extensions>cpp;c;cc;cxx;def;odl;idl;hpj;bat;asm;asmx</Extensions>
    </Filter>
    <Filter Include="Header Files">
      <UniqueIdentifier>{93995380-89BD-4b04-88EB-625FBE52EBFB}</UniqueIdentifier>
      <Extensions>h;hh;hpp;hxx;hm;inl;inc;xsd</Extensions>
    </Filter>
    <Filter Include="Resource Files">
      <UniqueIdentifier>{67DA6AB6-F800-4c08-8B7A-83BB121AAD01}</UniqueIdentifier>
      <Extensions>rc;ico;cur;bmp;dlg;rc2;rct;bin;rgs;gif;jpg;jpeg;jpe;resx;tiff;tif;png;wav;mfcribbon-ms</Extensions>
    </Filter>
    <Filter Include="Misc">
      <UniqueIdentifier>{bfaaabf5-addb-4b4a-a182-dddf5062ba15}</UniqueIdentifier>
    </Filter>
    <Filter Include="AI">
      <UniqueIdentifier>{bde3bac3-e593-46c5-ab0f-dd7afb6f1c09}</UniqueIdentifier>
    </Filter>
    <Filter Include="Messaging">
      <UniqueIdentifier>{e96c89bd-ce1c-4ff9-b371-ea01f3768c35}</UniqueIdentifier>
    </Filter>
    <Filter Include="AI\FSM">
      <UniqueIdentifier>{dda49515-e839-4c59-bbd5-9ded6679d6fe}</UniqueIdentifier>
    </Filter>
    <Filter Include="AI\Pathfinding">
      <UniqueIdentifier>{10a6ca79-2715-4b96-aafc-33478d8df817}</UniqueIdentifier>
    </Filter>
    <Filter Include="AI\Steering">
      <UniqueIdentifier>{48d2604d-40c9-404c-b4f8-d3eadf2ef7c4}</UniqueIdentifier>
    </Filter>
    <Filter Include="GameObjects">
      <UniqueIdentifier>{7096a22b-3fe6-45e7-81b7-14da08bcdd22}</UniqueIdentifier>
    </Filter>
    <Filter Include="World">
      <UniqueIdentifier>{449b0e0d-16ae-4140-a7fe-05b85d95acf6}</UniqueIdentifier>
    </Filter>
    <Filter Include="GameObjects\Weapons">
      <UniqueIdentifier>{7f04e7a2-07de-4a39-82d9-f8967b55d848}</UniqueIdentifier>
    </Filter>
  </ItemGroup>
  <ItemGroup>
    <ClCompile Include="Main.cpp">
      <Filter>Source Files</Filter>
    </ClCompile>
    <ClCompile Include="SDLGame.cpp">
      <Filter>Source Files</Filter>
    </ClCompile>
    <ClCompile Include="AffineTransform.cpp">
      <Filter>Misc</Filter>
    </ClCompile>
    <ClCompile Include="MathUtil.cpp">
      <Filter>Misc</Filter>
    </ClCompile>
    <ClCompile Include="Matrix3.cpp">
      <Filter>Misc</Filter>
    </ClCompile>
    <ClCompile Include="Texture.cpp">
      <Filter>Misc</Filter>
    </ClCompile>
    <ClCompile Include="Timer.cpp">
      <Filter>Misc</Filter>
    </ClCompile>
    <ClCompile Include="Vector2D.cpp">
      <Filter>Misc</Filter>
    </ClCompile>
    <ClCompile Include="Vector3D.cpp">
      <Filter>Misc</Filter>
    </ClCompile>
    <ClCompile Include="WindowsClock.cpp">
      <Filter>Misc</Filter>
    </ClCompile>
    <ClCompile Include="Messenger.cpp">
      <Filter>Messaging</Filter>
    </ClCompile>
    <ClCompile Include="EnemyStates.cpp">
      <Filter>AI\FSM</Filter>
    </ClCompile>
    <ClCompile Include="SteeringBehaviors.cpp">
      <Filter>AI\Steering</Filter>
    </ClCompile>
    <ClCompile Include="Pathfinder.cpp">
      <Filter>AI\Pathfinding</Filter>
    </ClCompile>
    <ClCompile Include="Bullet.cpp">
      <Filter>GameObjects</Filter>
    </ClCompile>
    <ClCompile Include="Enemy.cpp">
      <Filter>GameObjects</Filter>
    </ClCompile>
    <ClCompile Include="GameObjectManager.cpp">
      <Filter>GameObjects</Filter>
    </ClCompile>
    <ClCompile Include="Player.cpp">
      <Filter>GameObjects</Filter>
    </ClCompile>
    <ClCompile Include="World.cpp">
      <Filter>World</Filter>
    </ClCompile>
    <ClCompile Include="Tile.cpp">
      <Filter>World</Filter>
    </ClCompile>
  </ItemGroup>
  <ItemGroup>
    <ClInclude Include="AffineTransform.h">
      <Filter>Misc</Filter>
    </ClInclude>
    <ClInclude Include="MathUtil.h">
      <Filter>Misc</Filter>
    </ClInclude>
    <ClInclude Include="Matrix3.h">
      <Filter>Misc</Filter>
    </ClInclude>
    <ClInclude Include="Vector2D.h">
      <Filter>Misc</Filter>
    </ClInclude>
    <ClInclude Include="Vector3D.h">
      <Filter>Misc</Filter>
    </ClInclude>
    <ClInclude Include="WindowsClock.h">
      <Filter>Misc</Filter>
    </ClInclude>
    <ClInclude Include="Timer.h">
      <Filter>Misc</Filter>
    </ClInclude>
    <ClInclude Include="Config.h">
      <Filter>Misc</Filter>
    </ClInclude>
    <ClInclude Include="Texture.h">
      <Filter>Misc</Filter>
    </ClInclude>
    <ClInclude Include="SDLGame.h">
      <Filter>Header Files</Filter>
    </ClInclude>
    <ClInclude Include="GameMessages.h">
      <Filter>Messaging</Filter>
    </ClInclude>
    <ClInclude Include="Message.h">
      <Filter>Messaging</Filter>
    </ClInclude>
    <ClInclude Include="Messenger.h">
      <Filter>Messaging</Filter>
    </ClInclude>
    <ClInclude Include="EnemyStates.h">
      <Filter>AI\FSM</Filter>
    </ClInclude>
    <ClInclude Include="State.h">
      <Filter>AI\FSM</Filter>
    </ClInclude>
    <ClInclude Include="StateMachine.h">
      <Filter>AI\FSM</Filter>
    </ClInclude>
    <ClInclude Include="GraphNodeTypes.h">
      <Filter>AI\Pathfinding</Filter>
    </ClInclude>
    <ClInclude Include="SteeringBehaviors.h">
      <Filter>AI\Steering</Filter>
    </ClInclude>
    <ClInclude Include="NodeTypeEnum.h">
      <Filter>AI\Pathfinding</Filter>
    </ClInclude>
    <ClInclude Include="GraphEdgeTypes.h">
      <Filter>AI\Pathfinding</Filter>
    </ClInclude>
    <ClInclude Include="Graph.h">
      <Filter>AI\Pathfinding</Filter>
    </ClInclude>
    <ClInclude Include="Pathfinder.h">
      <Filter>AI\Pathfinding</Filter>
    </ClInclude>
    <ClInclude Include="Bullet.h">
      <Filter>GameObjects</Filter>
    </ClInclude>
    <ClInclude Include="Enemy.h">
      <Filter>GameObjects</Filter>
    </ClInclude>
    <ClInclude Include="GameObject.h">
      <Filter>GameObjects</Filter>
    </ClInclude>
    <ClInclude Include="GameObjectManager.h">
      <Filter>GameObjects</Filter>
    </ClInclude>
    <ClInclude Include="Player.h">
      <Filter>GameObjects</Filter>
    </ClInclude>
    <ClInclude Include="World.h">
      <Filter>World</Filter>
    </ClInclude>
    <ClInclude Include="Tile.h">
      <Filter>World</Filter>
    </ClInclude>
    <ClInclude Include="GraphFunctions.h">
      <Filter>AI\Pathfinding</Filter>
    </ClInclude>
    <ClInclude Include="PriorityQueue.h">
      <Filter>Misc</Filter>
    </ClInclude>
    <ClInclude Include="AStarHeuristics.h">
      <Filter>AI\Pathfinding</Filter>
    </ClInclude>
    <ClInclude Include="AStar.h">
      <Filter>AI\Pathfinding</Filter>
    </ClInclude>
    <ClInclude Include="Path.h">
      <Filter>AI\Steering</Filter>
    </ClInclude>
    <ClInclude Include="Wall.h">
      <Filter>World</Filter>
    </ClInclude>
    <ClInclude Include="Geometry.h">
      <Filter>Misc</Filter>
    </ClInclude>
    <ClInclude Include="WorldFunctions.h">
      <Filter>World</Filter>
    </ClInclude>
    <ClInclude Include="Weapon.h">
      <Filter>GameObjects\Weapons</Filter>
    </ClInclude>
    <ClInclude Include="Pistol.h">
      <Filter>GameObjects\Weapons</Filter>
    </ClInclude>
    <ClInclude Include="Utils.h">
      <Filter>Misc</Filter>
    </ClInclude>
  </ItemGroup>
  <ItemGroup>
    <None Include="map_01.map">
      <Filter>Resource Files</Filter>
    </None>
  </ItemGroup>
</Project>